
Microsoft Visual Studio Solution File, Format Version 12.00
# Visual Studio 14
VisualStudioVersion = 14.0.22512.0
MinimumVisualStudioVersion = 10.0.40219.1
Project("{FAE04EC0-301F-11D3-BF4B-00C04F79EFBC}") = "UnitusCore", "UnitusCore\UnitusCore.csproj", "{11CABEAD-3967-464B-BACC-C2660090022E}"
EndProject
Project("{2150E333-8FDC-42A3-9474-1A3956D46DE8}") = "PublishScripts", "PublishScripts", "{FB7906A6-9CA5-4E3C-A753-DB0744EA921D}"
	ProjectSection(SolutionItems) = preProject
		PublishScripts\AzureWebsitePublishModule.psm1 = PublishScripts\AzureWebsitePublishModule.psm1
		PublishScripts\Publish-WebApplicationWebsite.ps1 = PublishScripts\Publish-WebApplicationWebsite.ps1
		UnitusCore\Properties\PublishProfiles\unitus-core.pubxml = UnitusCore\Properties\PublishProfiles\unitus-core.pubxml
	EndProjectSection
EndProject
Project("{2150E333-8FDC-42A3-9474-1A3956D46DE8}") = "Configurations", "Configurations", "{98BF5F48-E8E3-4097-A490-661DD5706F07}"
	ProjectSection(SolutionItems) = preProject
		PublishScripts\Configurations\UnitusCore-WAWS-dev.json = PublishScripts\Configurations\UnitusCore-WAWS-dev.json
	EndProjectSection
EndProject
Project("{2150E333-8FDC-42A3-9474-1A3956D46DE8}") = ".nuget", ".nuget", "{2F46AC2B-5796-404A-83CA-9E417B3E1249}"
	ProjectSection(SolutionItems) = preProject
		CommonVariables.ps1 = CommonVariables.ps1
		Config.json = Config.json
		.nuget\packages.config = .nuget\packages.config
		RBD-AddMigration.ps1 = RBD-AddMigration.ps1
		RemoteEnableMigrationsApplicationContext.ps1 = RemoteEnableMigrationsApplicationContext.ps1
		RemoteEnableMigrationsBasicContext.ps1 = RemoteEnableMigrationsBasicContext.ps1
	EndProjectSection
EndProject
Project("{2150E333-8FDC-42A3-9474-1A3956D46DE8}") = "Solution Items", "Solution Items", "{B9250CFF-37F0-45B6-9B36-EEF2334B467D}"
	ProjectSection(SolutionItems) = preProject
		WebEssentials-Settings.json = WebEssentials-Settings.json
	EndProjectSection
EndProject
Global
	GlobalSection(SolutionConfigurationPlatforms) = preSolution
		Debug|Any CPU = Debug|Any CPU
		Release|Any CPU = Release|Any CPU
	EndGlobalSection
	GlobalSection(ProjectConfigurationPlatforms) = postSolution
		{11CABEAD-3967-464B-BACC-C2660090022E}.Debug|Any CPU.ActiveCfg = Debug|Any CPU
		{11CABEAD-3967-464B-BACC-C2660090022E}.Debug|Any CPU.Build.0 = Debug|Any CPU
		{11CABEAD-3967-464B-BACC-C2660090022E}.Release|Any CPU.ActiveCfg = Release|Any CPU
		{11CABEAD-3967-464B-BACC-C2660090022E}.Release|Any CPU.Build.0 = Release|Any CPU
	EndGlobalSection
	GlobalSection(SolutionProperties) = preSolution
		HideSolutionNode = FALSE
	EndGlobalSection
	GlobalSection(NestedProjects) = preSolution
		{98BF5F48-E8E3-4097-A490-661DD5706F07} = {FB7906A6-9CA5-4E3C-A753-DB0744EA921D}
	EndGlobalSection
EndGlobal
